
Microsoft Visual Studio Solution File, Format Version 12.00
# Visual Studio Version 16
VisualStudioVersion = 16.0.31515.178
MinimumVisualStudioVersion = 10.0.40219.1
Project("{9A19103F-16F7-4668-BE54-9A1E7A4F7556}") = "electronicwatches.Common", "electronicwatches.Common\electronicwatches.Common.csproj", "{4FE67F8A-F521-49D1-BFC4-8AF146A0CC75}"
EndProject
Project("{9A19103F-16F7-4668-BE54-9A1E7A4F7556}") = "electronicwatches.functions", "electronicwatches.functions\electronicwatches.functions.csproj", "{E833EDB3-971E-4A1F-B3FC-0A9E2F6789B5}"
EndProject
Project("{FAE04EC0-301F-11D3-BF4B-00C04F79EFBC}") = "electronicwatches.Test", "electronicwatches.Test\electronicwatches.Test.csproj", "{EC98471E-74FF-43F5-B02D-D640C6F4547F}"
EndProject
Global
	GlobalSection(SolutionConfigurationPlatforms) = preSolution
		Debug|Any CPU = Debug|Any CPU
		Release|Any CPU = Release|Any CPU
	EndGlobalSection
	GlobalSection(ProjectConfigurationPlatforms) = postSolution
		{4FE67F8A-F521-49D1-BFC4-8AF146A0CC75}.Debug|Any CPU.ActiveCfg = Debug|Any CPU
		{4FE67F8A-F521-49D1-BFC4-8AF146A0CC75}.Debug|Any CPU.Build.0 = Debug|Any CPU
		{4FE67F8A-F521-49D1-BFC4-8AF146A0CC75}.Release|Any CPU.ActiveCfg = Release|Any CPU
		{4FE67F8A-F521-49D1-BFC4-8AF146A0CC75}.Release|Any CPU.Build.0 = Release|Any CPU
		{E833EDB3-971E-4A1F-B3FC-0A9E2F6789B5}.Debug|Any CPU.ActiveCfg = Debug|Any CPU
		{E833EDB3-971E-4A1F-B3FC-0A9E2F6789B5}.Debug|Any CPU.Build.0 = Debug|Any CPU
		{E833EDB3-971E-4A1F-B3FC-0A9E2F6789B5}.Release|Any CPU.ActiveCfg = Release|Any CPU
		{E833EDB3-971E-4A1F-B3FC-0A9E2F6789B5}.Release|Any CPU.Build.0 = Release|Any CPU
		{EC98471E-74FF-43F5-B02D-D640C6F4547F}.Debug|Any CPU.ActiveCfg = Debug|Any CPU
		{EC98471E-74FF-43F5-B02D-D640C6F4547F}.Debug|Any CPU.Build.0 = Debug|Any CPU
		{EC98471E-74FF-43F5-B02D-D640C6F4547F}.Release|Any CPU.ActiveCfg = Release|Any CPU
		{EC98471E-74FF-43F5-B02D-D640C6F4547F}.Release|Any CPU.Build.0 = Release|Any CPU
	EndGlobalSection
	GlobalSection(SolutionProperties) = preSolution
		HideSolutionNode = FALSE
	EndGlobalSection
	GlobalSection(ExtensibilityGlobals) = postSolution
		SolutionGuid = {86122C1B-EFF9-4816-B4DC-B295A4C60317}
	EndGlobalSection
EndGlobal
